{
  "name": "app",
  "lockfileVersion": 3,
  "requires": true,
  "packages": {
    "": {
      "dependencies": {
        "@dimforge/rapier2d-compat": "^0.20.0"
      }
    },
    "node_modules/@dimforge/rapier2d-compat": {
      "version": "0.20.0",
      "resolved": "https://registry.npmjs.org/@dimforge/rapier2d-compat/-/rapier2d-compat-0.20.0.tgz",
      "integrity": "sha512-FFYwGrfJov7d5kn4fxblG/ip5C+sYQL+Jl/hqLvDvu4BcMD/Mhrz7cTvnZTtuIRDXY8CLuraObqB/prip4wdWQ==",
      "license": "Apache-2.0"
    }
  }
}
